// !$*UTF8*$!
{
	archiveVersion = 1;
	classes = {
	};
	objectVersion = 46;
	objects = {

/* Begin PBXBuildFile section */
		A174CB011ABB29E60006D0AE /* main.m in Sources */ = {isa = PBXBuildFile; fileRef = A174CB001ABB29E60006D0AE /* main.m */; };
		A174CB041ABB29E60006D0AE /* AppDelegate.m in Sources */ = {isa = PBXBuildFile; fileRef = A174CB031ABB29E60006D0AE /* AppDelegate.m */; };
		A174CB071ABB29E60006D0AE /* ViewController.m in Sources */ = {isa = PBXBuildFile; fileRef = A174CB061ABB29E60006D0AE /* ViewController.m */; };
		A174CB0A1ABB29E60006D0AE /* Main.storyboard in Resources */ = {isa = PBXBuildFile; fileRef = A174CB081ABB29E60006D0AE /* Main.storyboard */; };
		A174CB0C1ABB29E60006D0AE /* Images.xcassets in Resources */ = {isa = PBXBuildFile; fileRef = A174CB0B1ABB29E60006D0AE /* Images.xcassets */; };
		A174CB0F1ABB29E60006D0AE /* LaunchScreen.xib in Resources */ = {isa = PBXBuildFile; fileRef = A174CB0D1ABB29E60006D0AE /* LaunchScreen.xib */; };
		A174CB1B1ABB29E60006D0AE /* cashTenderTests.m in Sources */ = {isa = PBXBuildFile; fileRef = A174CB1A1ABB29E60006D0AE /* cashTenderTests.m */; };
/* End PBXBuildFile section */

/* Begin PBXContainerItemProxy section */
		A174CB151ABB29E60006D0AE /* PBXContainerItemProxy */ = {
			isa = PBXContainerItemProxy;
			containerPortal = A174CAF31ABB29E60006D0AE /* Project object */;
			proxyType = 1;
			remoteGlobalIDString = A174CAFA1ABB29E60006D0AE;
			remoteInfo = cashTender;
		};
/* End PBXContainerItemProxy section */

/* Begin PBXFileReference section */
		A174CAFB1ABB29E60006D0AE /* cashTender.app */ = {isa = PBXFileReference; explicitFileType = wrapper.application; includeInIndex = 0; path = cashTender.app; sourceTree = BUILT_PRODUCTS_DIR; };
		A174CAFF1ABB29E60006D0AE /* Info.plist */ = {isa = PBXFileReference; lastKnownFileType = text.plist.xml; path = Info.plist; sourceTree = "<group>"; };
		A174CB001ABB29E60006D0AE /* main.m */ = {isa = PBXFileReference; lastKnownFileType = sourcecode.c.objc; path = main.m; sourceTree = "<group>"; };
		A174CB021ABB29E60006D0AE /* AppDelegate.h */ = {isa = PBXFileReference; lastKnownFileType = sourcecode.c.h; path = AppDelegate.h; sourceTree = "<group>"; };
		A174CB031ABB29E60006D0AE /* AppDelegate.m */ = {isa = PBXFileReference; lastKnownFileType = sourcecode.c.objc; path = AppDelegate.m; sourceTree = "<group>"; };
		A174CB051ABB29E60006D0AE /* ViewController.h */ = {isa = PBXFileReference; lastKnownFileType = sourcecode.c.h; path = ViewController.h; sourceTree = "<group>"; };
		A174CB061ABB29E60006D0AE /* ViewController.m */ = {isa = PBXFileReference; lastKnownFileType = sourcecode.c.objc; path = ViewController.m; sourceTree = "<group>"; };
		A174CB091ABB29E60006D0AE /* Base */ = {isa = PBXFileReference; lastKnownFileType = file.storyboard; name = Base; path = Base.lproj/Main.storyboard; sourceTree = "<group>"; };
		A174CB0B1ABB29E60006D0AE /* Images.xcassets */ = {isa = PBXFileReference; lastKnownFileType = folder.assetcatalog; path = Images.xcassets; sourceTree = "<group>"; };
		A174CB0E1ABB29E60006D0AE /* Base */ = {isa = PBXFileReference; lastKnownFileType = file.xib; name = Base; path = Base.lproj/LaunchScreen.xib; sourceTree = "<group>"; };
		A174CB141ABB29E60006D0AE /* cashTenderTests.xctest */ = {isa = PBXFileReference; explicitFileType = wrapper.cfbundle; includeInIndex = 0; path = cashTenderTests.xctest; sourceTree = BUILT_PRODUCTS_DIR; };
		A174CB191ABB29E60006D0AE /* Info.plist */ = {isa = PBXFileReference; lastKnownFileType = text.plist.xml; path = Info.plist; sourceTree = "<group>"; };
		A174CB1A1ABB29E60006D0AE /* cashTenderTests.m */ = {isa = PBXFileReference; lastKnownFileType = sourcecode.c.objc; path = cashTenderTests.m; sourceTree = "<group>"; };
/* End PBXFileReference section */

/* Begin PBXFrameworksBuildPhase section */
		A174CAF81ABB29E60006D0AE /* Frameworks */ = {
			isa = PBXFrameworksBuildPhase;
			buildActionMask = 2147483647;
			files = (
			);
			runOnlyForDeploymentPostprocessing = 0;
		};
		A174CB111ABB29E60006D0AE /* Frameworks */ = {
			isa = PBXFrameworksBuildPhase;
			buildActionMask = 2147483647;
			files = (
			);
			runOnlyForDeploymentPostprocessing = 0;
		};
/* End PBXFrameworksBuildPhase section */

/* Begin PBXGroup section */
		A174CAF21ABB29E60006D0AE = {
			isa = PBXGroup;
			children = (
				A174CAFD1ABB29E60006D0AE /* cashTender */,
				A174CB171ABB29E60006D0AE /* cashTenderTests */,
				A174CAFC1ABB29E60006D0AE /* Products */,
			);
			sourceTree = "<group>";
		};
		A174CAFC1ABB29E60006D0AE /* Products */ = {
			isa = PBXGroup;
			children = (
				A174CAFB1ABB29E60006D0AE /* cashTender.app */,
				A174CB141ABB29E60006D0AE /* cashTenderTests.xctest */,
			);
			name = Products;
			sourceTree = "<group>";
		};
		A174CAFD1ABB29E60006D0AE /* cashTender */ = {
			isa = PBXGroup;
			children = (
				A174CB021ABB29E60006D0AE /* AppDelegate.h */,
				A174CB031ABB29E60006D0AE /* AppDelegate.m */,
				A174CB051ABB29E60006D0AE /* ViewController.h */,
				A174CB061ABB29E60006D0AE /* ViewController.m */,
				A174CB081ABB29E60006D0AE /* Main.storyboard */,
				A174CB0B1ABB29E60006D0AE /* Images.xcassets */,
				A174CB0D1ABB29E60006D0AE /* LaunchScreen.xib */,
				A174CAFE1ABB29E60006D0AE /* Supporting Files */,
			);
			path = cashTender;
			sourceTree = "<group>";
		};
		A174CAFE1ABB29E60006D0AE /* Supporting Files */ = {
			isa = PBXGroup;
			children = (
				A174CAFF1ABB29E60006D0AE /* Info.plist */,
				A174CB001ABB29E60006D0AE /* main.m */,
			);
			name = "Supporting Files";
			sourceTree = "<group>";
		};
		A174CB171ABB29E60006D0AE /* cashTenderTests */ = {
			isa = PBXGroup;
			children = (
				A174CB1A1ABB29E60006D0AE /* cashTenderTests.m */,
				A174CB181ABB29E60006D0AE /* Supporting Files */,
			);
			path = cashTenderTests;
			sourceTree = "<group>";
		};
		A174CB181ABB29E60006D0AE /* Supporting Files */ = {
			isa = PBXGroup;
			children = (
				A174CB191ABB29E60006D0AE /* Info.plist */,
			);
			name = "Supporting Files";
			sourceTree = "<group>";
		};
/* End PBXGroup section */

/* Begin PBXNativeTarget section */
		A174CAFA1ABB29E60006D0AE /* cashTender */ = {
			isa = PBXNativeTarget;
			buildConfigurationList = A174CB1E1ABB29E60006D0AE /* Build configuration list for PBXNativeTarget "cashTender" */;
			buildPhases = (
				A174CAF71ABB29E60006D0AE /* Sources */,
				A174CAF81ABB29E60006D0AE /* Frameworks */,
				A174CAF91ABB29E60006D0AE /* Resources */,
			);
			buildRules = (
			);
			dependencies = (
			);
			name = cashTender;
			productName = cashTender;
			productReference = A174CAFB1ABB29E60006D0AE /* cashTender.app */;
			productType = "com.apple.product-type.application";
		};
		A174CB131ABB29E60006D0AE /* cashTenderTests */ = {
			isa = PBXNativeTarget;
			buildConfigurationList = A174CB211ABB29E60006D0AE /* Build configuration list for PBXNativeTarget "cashTenderTests" */;
			buildPhases = (
				A174CB101ABB29E60006D0AE /* Sources */,
				A174CB111ABB29E60006D0AE /* Frameworks */,
				A174CB121ABB29E60006D0AE /* Resources */,
			);
			buildRules = (
			);
			dependencies = (
				A174CB161ABB29E60006D0AE /* PBXTargetDependency */,
			);
			name = cashTenderTests;
			productName = cashTenderTests;
			productReference = A174CB141ABB29E60006D0AE /* cashTenderTests.xctest */;
			productType = "com.apple.product-type.bundle.unit-test";
		};
/* End PBXNativeTarget section */

/* Begin PBXProject section */
		A174CAF31ABB29E60006D0AE /* Project object */ = {
			isa = PBXProject;
			attributes = {
				LastUpgradeCheck = 0620;
				ORGANIZATIONNAME = "Mark DeWald";
				TargetAttributes = {
					A174CAFA1ABB29E60006D0AE = {
						CreatedOnToolsVersion = 6.2;
					};
					A174CB131ABB29E60006D0AE = {
						CreatedOnToolsVersion = 6.2;
						TestTargetID = A174CAFA1ABB29E60006D0AE;
					};
				};
			};
			buildConfigurationList = A174CAF61ABB29E60006D0AE /* Build configuration list for PBXProject "cashTender" */;
			compatibilityVersion = "Xcode 3.2";
			developmentRegion = English;
			hasScannedForEncodings = 0;
			knownRegions = (
				en,
				Base,
			);
			mainGroup = A174CAF21ABB29E60006D0AE;
			productRefGroup = A174CAFC1ABB29E60006D0AE /* Products */;
			projectDirPath = "";
			projectRoot = "";
			targets = (
				A174CAFA1ABB29E60006D0AE /* cashTender */,
				A174CB131ABB29E60006D0AE /* cashTenderTests */,
			);
		};
/* End PBXProject section */

/* Begin PBXResourcesBuildPhase section */
		A174CAF91ABB29E60006D0AE /* Resources */ = {
			isa = PBXResourcesBuildPhase;
			buildActionMask = 2147483647;
			files = (
				A174CB0A1ABB29E60006D0AE /* Main.storyboard in Resources */,
				A174CB0F1ABB29E60006D0AE /* LaunchScreen.xib in Resources */,
				A174CB0C1ABB29E60006D0AE /* Images.xcassets in Resources */,
			);
			runOnlyForDeploymentPostprocessing = 0;
		};
		A174CB121ABB29E60006D0AE /* Resources */ = {
			isa = PBXResourcesBuildPhase;
			buildActionMask = 2147483647;
			files = (
			);
			runOnlyForDeploymentPostprocessing = 0;
		};
/* End PBXResourcesBuildPhase section */

/* Begin PBXSourcesBuildPhase section */
		A174CAF71ABB29E60006D0AE /* Sources */ = {
			isa = PBXSourcesBuildPhase;
			buildActionMask = 2147483647;
			files = (
				A174CB071ABB29E60006D0AE /* ViewController.m in Sources */,
				A174CB041ABB29E60006D0AE /* AppDelegate.m in Sources */,
				A174CB011ABB29E60006D0AE /* main.m in Sources */,
			);
			runOnlyForDeploymentPostprocessing = 0;
		};
		A174CB101ABB29E60006D0AE /* Sources */ = {
			isa = PBXSourcesBuildPhase;
			buildActionMask = 2147483647;
			files = (
				A174CB1B1ABB29E60006D0AE /* cashTenderTests.m in Sources */,
			);
			runOnlyForDeploymentPostprocessing = 0;
		};
/* End PBXSourcesBuildPhase section */

/* Begin PBXTargetDependency section */
		A174CB161ABB29E60006D0AE /* PBXTargetDependency */ = {
			isa = PBXTargetDependency;
			target = A174CAFA1ABB29E60006D0AE /* cashTender */;
			targetProxy = A174CB151ABB29E60006D0AE /* PBXContainerItemProxy */;
		};
/* End PBXTargetDependency section */

/* Begin PBXVariantGroup section */
		A174CB081ABB29E60006D0AE /* Main.storyboard */ = {
			isa = PBXVariantGroup;
			children = (
				A174CB091ABB29E60006D0AE /* Base */,
			);
			name = Main.storyboard;
			sourceTree = "<group>";
		};
		A174CB0D1ABB29E60006D0AE /* LaunchScreen.xib */ = {
			isa = PBXVariantGroup;
			children = (
				A174CB0E1ABB29E60006D0AE /* Base */,
			);
			name = LaunchScreen.xib;
			sourceTree = "<group>";
		};
/* End PBXVariantGroup section */

/* Begin XCBuildConfiguration section */
		A174CB1C1ABB29E60006D0AE /* Debug */ = {
			isa = XCBuildConfiguration;
			buildSettings = {
				ALWAYS_SEARCH_USER_PATHS = NO;
				CLANG_CXX_LANGUAGE_STANDARD = "gnu++0x";
				CLANG_CXX_LIBRARY = "libc++";
				CLANG_ENABLE_MODULES = YES;
				CLANG_ENABLE_OBJC_ARC = YES;
				CLANG_WARN_BOOL_CONVERSION = YES;
				CLANG_WARN_CONSTANT_CONVERSION = YES;
				CLANG_WARN_DIRECT_OBJC_ISA_USAGE = YES_ERROR;
				CLANG_WARN_EMPTY_BODY = YES;
				CLANG_WARN_ENUM_CONVERSION = YES;
				CLANG_WARN_INT_CONVERSION = YES;
				CLANG_WARN_OBJC_ROOT_CLASS = YES_ERROR;
				CLANG_WARN_UNREACHABLE_CODE = YES;
				CLANG_WARN__DUPLICATE_METHOD_MATCH = YES;
				"CODE_SIGN_IDENTITY[sdk=iphoneos*]" = "iPhone Developer";
				COPY_PHASE_STRIP = NO;
				ENABLE_STRICT_OBJC_MSGSEND = YES;
				GCC_C_LANGUAGE_STANDARD = gnu99;
				GCC_DYNAMIC_NO_PIC = NO;
				GCC_OPTIMIZATION_LEVEL = 0;
				GCC_PREPROCESSOR_DEFINITIONS = (
					"DEBUG=1",
					"$(inherited)",
				);
				GCC_SYMBOLS_PRIVATE_EXTERN = NO;
				GCC_WARN_64_TO_32_BIT_CONVERSION = YES;
				GCC_WARN_ABOUT_RETURN_TYPE = YES_ERROR;
				GCC_WARN_UNDECLARED_SELECTOR = YES;
				GCC_WARN_UNINITIALIZED_AUTOS = YES_AGGRESSIVE;
				GCC_WARN_UNUSED_FUNCTION = YES;
				GCC_WARN_UNUSED_VARIABLE = YES;
				IPHONEOS_DEPLOYMENT_TARGET = 8.2;
				MTL_ENABLE_DEBUG_INFO = YES;
				ONLY_ACTIVE_ARCH = YES;
				SDKROOT = iphoneos;
				TARGETED_DEVICE_FAMILY = "1,2";
			};
			name = Debug;
		};
		A174CB1D1ABB29E60006D0AE /* Release */ = {
			isa = XCBuildConfiguration;
			buildSettings = {
				ALWAYS_SEARCH_USER_PATHS = NO;
				CLANG_CXX_LANGUAGE_STANDARD = "gnu++0x";
				CLANG_CXX_LIBRARY = "libc++";
				CLANG_ENABLE_MODULES = YES;
				CLANG_ENABLE_OBJC_ARC = YES;
				CLANG_WARN_BOOL_CONVERSION = YES;
				CLANG_WARN_CONSTANT_CONVERSION = YES;
				CLANG_WARN_DIRECT_OBJC_ISA_USAGE = YES_ERROR;
				CLANG_WARN_EMPTY_BODY = YES;
				CLANG_WARN_ENUM_CONVERSION = YES;
				CLANG_WARN_INT_CONVERSION = YES;
				CLANG_WARN_OBJC_ROOT_CLASS = YES_ERROR;
				CLANG_WARN_UNREACHABLE_CODE = YES;
				CLANG_WARN__DUPLICATE_METHOD_MATCH = YES;
				"CODE_SIGN_IDENTITY[sdk=iphoneos*]" = "iPhone Developer";
				COPY_PHASE_STRIP = NO;
				ENABLE_NS_ASSERTIONS = NO;
				ENABLE_STRICT_OBJC_MSGSEND = YES;
				GCC_C_LANGUAGE_STANDARD = gnu99;
				GCC_WARN_64_TO_32_BIT_CONVERSION = YES;
				GCC_WARN_ABOUT_RETURN_TYPE = YES_ERROR;
				GCC_WARN_UNDECLARED_SELECTOR = YES;
				GCC_WARN_UNINITIALIZED_AUTOS = YES_AGGRESSIVE;
				GCC_WARN_UNUSED_FUNCTION = YES;
				GCC_WARN_UNUSED_VARIABLE = YES;
				IPHONEOS_DEPLOYMENT_TARGET = 8.2;
				MTL_ENABLE_DEBUG_INFO = NO;
				SDKROOT = iphoneos;
				TARGETED_DEVICE_FAMILY = "1,2";
				VALIDATE_PRODUCT = YES;
			};
			name = Release;
		};
		A174CB1F1ABB29E60006D0AE /* Debug */ = {
			isa = XCBuildConfiguration;
			buildSettings = {
				ASSETCATALOG_COMPILER_APPICON_NAME = AppIcon;
				INFOPLIST_FILE = cashTender/Info.plist;
				LD_RUNPATH_SEARCH_PATHS = "$(inherited) @executable_path/Frameworks";
				PRODUCT_NAME = "$(TARGET_NAME)";
			};
			name = Debug;
		};
		A174CB201ABB29E60006D0AE /* Release */ = {
			isa = XCBuildConfiguration;
			buildSettings = {
				ASSETCATALOG_COMPILER_APPICON_NAME = AppIcon;
				INFOPLIST_FILE = cashTender/Info.plist;
				LD_RUNPATH_SEARCH_PATHS = "$(inherited) @executable_path/Frameworks";
				PRODUCT_NAME = "$(TARGET_NAME)";
			};
			name = Release;
		};
		A174CB221ABB29E60006D0AE /* Debug */ = {
			isa = XCBuildConfiguration;
			buildSettings = {
				BUNDLE_LOADER = "$(TEST_HOST)";
				FRAMEWORK_SEARCH_PATHS = (
					"$(SDKROOT)/Developer/Library/Frameworks",
					"$(inherited)",
				);
				GCC_PREPROCESSOR_DEFINITIONS = (
					"DEBUG=1",
					"$(inherited)",
				);
				INFOPLIST_FILE = cashTenderTests/Info.plist;
				LD_RUNPATH_SEARCH_PATHS = "$(inherited) @executable_path/Frameworks @loader_path/Frameworks";
				PRODUCT_NAME = "$(TARGET_NAME)";
				TEST_HOST = "$(BUILT_PRODUCTS_DIR)/cashTender.app/cashTender";
			};
			name = Debug;
		};
		A174CB231ABB29E60006D0AE /* Release */ = {
			isa = XCBuildConfiguration;
			buildSettings = {
				BUNDLE_LOADER = "$(TEST_HOST)";
				FRAMEWORK_SEARCH_PATHS = (
					"$(SDKROOT)/Developer/Library/Frameworks",
					"$(inherited)",
				);
				INFOPLIST_FILE = cashTenderTests/Info.plist;
				LD_RUNPATH_SEARCH_PATHS = "$(inherited) @executable_path/Frameworks @loader_path/Frameworks";
				PRODUCT_NAME = "$(TARGET_NAME)";
				TEST_HOST = "$(BUILT_PRODUCTS_DIR)/cashTender.app/cashTender";
			};
			name = Release;
		};
/* End XCBuildConfiguration section */

/* Begin XCConfigurationList section */
		A174CAF61ABB29E60006D0AE /* Build configuration list for PBXProject "cashTender" */ = {
			isa = XCConfigurationList;
			buildConfigurations = (
				A174CB1C1ABB29E60006D0AE /* Debug */,
				A174CB1D1ABB29E60006D0AE /* Release */,
			);
			defaultConfigurationIsVisible = 0;
			defaultConfigurationName = Release;
		};
		A174CB1E1ABB29E60006D0AE /* Build configuration list for PBXNativeTarget "cashTender" */ = {
			isa = XCConfigurationList;
			buildConfigurations = (
				A174CB1F1ABB29E60006D0AE /* Debug */,
				A174CB201ABB29E60006D0AE /* Release */,
			);
			defaultConfigurationIsVisible = 0;
		};
		A174CB211ABB29E60006D0AE /* Build configuration list for PBXNativeTarget "cashTenderTests" */ = {
			isa = XCConfigurationList;
			buildConfigurations = (
				A174CB221ABB29E60006D0AE /* Debug */,
				A174CB231ABB29E60006D0AE /* Release */,
			);
			defaultConfigurationIsVisible = 0;
		};
/* End XCConfigurationList section */
	};
	rootObject = A174CAF31ABB29E60006D0AE /* Project object */;
}
